
Microsoft Visual Studio Solution File, Format Version 12.00
# Visual Studio Version 16
VisualStudioVersion = 16.0.31702.278
MinimumVisualStudioVersion = 10.0.40219.1
Project("{9A19103F-16F7-4668-BE54-9A1E7A4F7556}") = "PersonaWeb", "PersonaWeb\PersonaWeb.csproj", "{F77A7F17-46AC-459F-BE3C-D6BE80058AED}"
EndProject
Project("{FAE04EC0-301F-11D3-BF4B-00C04F79EFBC}") = "PersonaApi", "PersonaApi\PersonaApi.csproj", "{22141D48-79AF-4506-86CD-2D99BFC86E26}"
EndProject
Global
	GlobalSection(SolutionConfigurationPlatforms) = preSolution
		Debug|Any CPU = Debug|Any CPU
		Release|Any CPU = Release|Any CPU
	EndGlobalSection
	GlobalSection(ProjectConfigurationPlatforms) = postSolution
		{F77A7F17-46AC-459F-BE3C-D6BE80058AED}.Debug|Any CPU.ActiveCfg = Debug|Any CPU
		{F77A7F17-46AC-459F-BE3C-D6BE80058AED}.Debug|Any CPU.Build.0 = Debug|Any CPU
		{F77A7F17-46AC-459F-BE3C-D6BE80058AED}.Release|Any CPU.ActiveCfg = Release|Any CPU
		{F77A7F17-46AC-459F-BE3C-D6BE80058AED}.Release|Any CPU.Build.0 = Release|Any CPU
		{22141D48-79AF-4506-86CD-2D99BFC86E26}.Debug|Any CPU.ActiveCfg = Debug|Any CPU
		{22141D48-79AF-4506-86CD-2D99BFC86E26}.Debug|Any CPU.Build.0 = Debug|Any CPU
		{22141D48-79AF-4506-86CD-2D99BFC86E26}.Release|Any CPU.ActiveCfg = Release|Any CPU
		{22141D48-79AF-4506-86CD-2D99BFC86E26}.Release|Any CPU.Build.0 = Release|Any CPU
	EndGlobalSection
	GlobalSection(SolutionProperties) = preSolution
		HideSolutionNode = FALSE
	EndGlobalSection
	GlobalSection(ExtensibilityGlobals) = postSolution
		SolutionGuid = {48A4D708-B672-4C8E-86CD-8D84EC9CE5AE}
	EndGlobalSection
EndGlobal
